// !$*UTF8*$!
{
	archiveVersion = 1;
	classes = {
	};
	objectVersion = 56;
	objects = {

/* Begin PBXBuildFile section */
		4408396228E0735B000DCFF3 /* AppDelegate.swift in Sources */ = {isa = PBXBuildFile; fileRef = 4408396128E0735B000DCFF3 /* AppDelegate.swift */; };
		4408396428E0735B000DCFF3 /* SceneDelegate.swift in Sources */ = {isa = PBXBuildFile; fileRef = 4408396328E0735B000DCFF3 /* SceneDelegate.swift */; };
		4408396628E0735B000DCFF3 /* CalculatorVC.swift in Sources */ = {isa = PBXBuildFile; fileRef = 4408396528E0735B000DCFF3 /* CalculatorVC.swift */; };
		4408396928E0735B000DCFF3 /* Main.storyboard in Resources */ = {isa = PBXBuildFile; fileRef = 4408396728E0735B000DCFF3 /* Main.storyboard */; };
		4408396B28E0735C000DCFF3 /* Assets.xcassets in Resources */ = {isa = PBXBuildFile; fileRef = 4408396A28E0735C000DCFF3 /* Assets.xcassets */; };
		4408396E28E0735C000DCFF3 /* LaunchScreen.storyboard in Resources */ = {isa = PBXBuildFile; fileRef = 4408396C28E0735C000DCFF3 /* LaunchScreen.storyboard */; };
		4408397628E07504000DCFF3 /* CircleView.swift in Sources */ = {isa = PBXBuildFile; fileRef = 4408397528E07504000DCFF3 /* CircleView.swift */; };
		4408397828E089EE000DCFF3 /* LongCircleView.swift in Sources */ = {isa = PBXBuildFile; fileRef = 4408397728E089EE000DCFF3 /* LongCircleView.swift */; };
		4470670B28E35EA9009C4304 /* tap.mp3 in Resources */ = {isa = PBXBuildFile; fileRef = 4470670A28E35EA9009C4304 /* tap.mp3 */; };
		4470671228E38E13009C4304 /* CalculatorLogic.swift in Sources */ = {isa = PBXBuildFile; fileRef = 4470671128E38E13009C4304 /* CalculatorLogic.swift */; };
/* End PBXBuildFile section */

/* Begin PBXFileReference section */
		4408395E28E0735B000DCFF3 /* iPhone Calculator.app */ = {isa = PBXFileReference; explicitFileType = wrapper.application; includeInIndex = 0; path = "iPhone Calculator.app"; sourceTree = BUILT_PRODUCTS_DIR; };
		4408396128E0735B000DCFF3 /* AppDelegate.swift */ = {isa = PBXFileReference; lastKnownFileType = sourcecode.swift; path = AppDelegate.swift; sourceTree = "<group>"; };
		4408396328E0735B000DCFF3 /* SceneDelegate.swift */ = {isa = PBXFileReference; lastKnownFileType = sourcecode.swift; path = SceneDelegate.swift; sourceTree = "<group>"; };
		4408396528E0735B000DCFF3 /* CalculatorVC.swift */ = {isa = PBXFileReference; lastKnownFileType = sourcecode.swift; path = CalculatorVC.swift; sourceTree = "<group>"; };
		4408396828E0735B000DCFF3 /* Base */ = {isa = PBXFileReference; lastKnownFileType = file.storyboard; name = Base; path = Base.lproj/Main.storyboard; sourceTree = "<group>"; };
		4408396A28E0735C000DCFF3 /* Assets.xcassets */ = {isa = PBXFileReference; lastKnownFileType = folder.assetcatalog; path = Assets.xcassets; sourceTree = "<group>"; };
		4408396D28E0735C000DCFF3 /* Base */ = {isa = PBXFileReference; lastKnownFileType = file.storyboard; name = Base; path = Base.lproj/LaunchScreen.storyboard; sourceTree = "<group>"; };
		4408396F28E0735C000DCFF3 /* Info.plist */ = {isa = PBXFileReference; lastKnownFileType = text.plist.xml; path = Info.plist; sourceTree = "<group>"; };
		4408397528E07504000DCFF3 /* CircleView.swift */ = {isa = PBXFileReference; lastKnownFileType = sourcecode.swift; path = CircleView.swift; sourceTree = "<group>"; };
		4408397728E089EE000DCFF3 /* LongCircleView.swift */ = {isa = PBXFileReference; lastKnownFileType = sourcecode.swift; path = LongCircleView.swift; sourceTree = "<group>"; };
		4470670A28E35EA9009C4304 /* tap.mp3 */ = {isa = PBXFileReference; lastKnownFileType = audio.mp3; path = tap.mp3; sourceTree = "<group>"; };
		4470671128E38E13009C4304 /* CalculatorLogic.swift */ = {isa = PBXFileReference; lastKnownFileType = sourcecode.swift; path = CalculatorLogic.swift; sourceTree = "<group>"; };
/* End PBXFileReference section */

/* Begin PBXFrameworksBuildPhase section */
		4408395B28E0735B000DCFF3 /* Frameworks */ = {
			isa = PBXFrameworksBuildPhase;
			buildActionMask = 2147483647;
			files = (
			);
			runOnlyForDeploymentPostprocessing = 0;
		};
/* End PBXFrameworksBuildPhase section */

/* Begin PBXGroup section */
		4408395528E0735B000DCFF3 = {
			isa = PBXGroup;
			children = (
				4408396028E0735B000DCFF3 /* iPhone Calculator */,
				4408395F28E0735B000DCFF3 /* Products */,
			);
			sourceTree = "<group>";
		};
		4408395F28E0735B000DCFF3 /* Products */ = {
			isa = PBXGroup;
			children = (
				4408395E28E0735B000DCFF3 /* iPhone Calculator.app */,
			);
			name = Products;
			sourceTree = "<group>";
		};
		4408396028E0735B000DCFF3 /* iPhone Calculator */ = {
			isa = PBXGroup;
			children = (
				4470671028E36B7B009C4304 /* Delegates */,
				4470670F28E36B75009C4304 /* Model */,
				4470670E28E36B60009C4304 /* View */,
				4470670D28E36B3C009C4304 /* Controller */,
				4470670C28E36B26009C4304 /* Resources */,
				4408396F28E0735C000DCFF3 /* Info.plist */,
			);
			path = "iPhone Calculator";
			sourceTree = "<group>";
		};
		4470670C28E36B26009C4304 /* Resources */ = {
			isa = PBXGroup;
			children = (
				4470671328E5C741009C4304 /* Sounds */,
				4408396A28E0735C000DCFF3 /* Assets.xcassets */,
			);
			path = Resources;
			sourceTree = "<group>";
		};
		4470670D28E36B3C009C4304 /* Controller */ = {
			isa = PBXGroup;
			children = (
				4408396528E0735B000DCFF3 /* CalculatorVC.swift */,
			);
			path = Controller;
			sourceTree = "<group>";
		};
		4470670E28E36B60009C4304 /* View */ = {
			isa = PBXGroup;
			children = (
				4408396728E0735B000DCFF3 /* Main.storyboard */,
				4408396C28E0735C000DCFF3 /* LaunchScreen.storyboard */,
				4408397528E07504000DCFF3 /* CircleView.swift */,
				4408397728E089EE000DCFF3 /* LongCircleView.swift */,
			);
			path = View;
			sourceTree = "<group>";
		};
		4470670F28E36B75009C4304 /* Model */ = {
			isa = PBXGroup;
			children = (
				4470671128E38E13009C4304 /* CalculatorLogic.swift */,
			);
			path = Model;
			sourceTree = "<group>";
		};
		4470671028E36B7B009C4304 /* Delegates */ = {
			isa = PBXGroup;
			children = (
				4408396128E0735B000DCFF3 /* AppDelegate.swift */,
				4408396328E0735B000DCFF3 /* SceneDelegate.swift */,
			);
			path = Delegates;
			sourceTree = "<group>";
		};
		4470671328E5C741009C4304 /* Sounds */ = {
			isa = PBXGroup;
			children = (
				4470670A28E35EA9009C4304 /* tap.mp3 */,
			);
			path = Sounds;
			sourceTree = "<group>";
		};
/* End PBXGroup section */

/* Begin PBXNativeTarget section */
		4408395D28E0735B000DCFF3 /* iPhone Calculator */ = {
			isa = PBXNativeTarget;
			buildConfigurationList = 4408397228E0735C000DCFF3 /* Build configuration list for PBXNativeTarget "iPhone Calculator" */;
			buildPhases = (
				4408395A28E0735B000DCFF3 /* Sources */,
				4408395B28E0735B000DCFF3 /* Frameworks */,
				4408395C28E0735B000DCFF3 /* Resources */,
			);
			buildRules = (
			);
			dependencies = (
			);
			name = "iPhone Calculator";
			productName = "iPhone Calculator";
			productReference = 4408395E28E0735B000DCFF3 /* iPhone Calculator.app */;
			productType = "com.apple.product-type.application";
		};
/* End PBXNativeTarget section */

/* Begin PBXProject section */
		4408395628E0735B000DCFF3 /* Project object */ = {
			isa = PBXProject;
			attributes = {
				BuildIndependentTargetsInParallel = 1;
				LastSwiftUpdateCheck = 1400;
				LastUpgradeCheck = 1400;
				TargetAttributes = {
					4408395D28E0735B000DCFF3 = {
						CreatedOnToolsVersion = 14.0;
					};
				};
			};
			buildConfigurationList = 4408395928E0735B000DCFF3 /* Build configuration list for PBXProject "iPhone Calculator" */;
			compatibilityVersion = "Xcode 14.0";
			developmentRegion = en;
			hasScannedForEncodings = 0;
			knownRegions = (
				en,
				Base,
			);
			mainGroup = 4408395528E0735B000DCFF3;
			productRefGroup = 4408395F28E0735B000DCFF3 /* Products */;
			projectDirPath = "";
			projectRoot = "";
			targets = (
				4408395D28E0735B000DCFF3 /* iPhone Calculator */,
			);
		};
/* End PBXProject section */

/* Begin PBXResourcesBuildPhase section */
		4408395C28E0735B000DCFF3 /* Resources */ = {
			isa = PBXResourcesBuildPhase;
			buildActionMask = 2147483647;
			files = (
				4408396E28E0735C000DCFF3 /* LaunchScreen.storyboard in Resources */,
				4408396B28E0735C000DCFF3 /* Assets.xcassets in Resources */,
				4470670B28E35EA9009C4304 /* tap.mp3 in Resources */,
				4408396928E0735B000DCFF3 /* Main.storyboard in Resources */,
			);
			runOnlyForDeploymentPostprocessing = 0;
		};
/* End PBXResourcesBuildPhase section */

/* Begin PBXSourcesBuildPhase section */
		4408395A28E0735B000DCFF3 /* Sources */ = {
			isa = PBXSourcesBuildPhase;
			buildActionMask = 2147483647;
			files = (
				4408396628E0735B000DCFF3 /* CalculatorVC.swift in Sources */,
				4408397828E089EE000DCFF3 /* LongCircleView.swift in Sources */,
				4470671228E38E13009C4304 /* CalculatorLogic.swift in Sources */,
				4408397628E07504000DCFF3 /* CircleView.swift in Sources */,
				4408396228E0735B000DCFF3 /* AppDelegate.swift in Sources */,
				4408396428E0735B000DCFF3 /* SceneDelegate.swift in Sources */,
			);
			runOnlyForDeploymentPostprocessing = 0;
		};
/* End PBXSourcesBuildPhase section */

/* Begin PBXVariantGroup section */
		4408396728E0735B000DCFF3 /* Main.storyboard */ = {
			isa = PBXVariantGroup;
			children = (
				4408396828E0735B000DCFF3 /* Base */,
			);
			name = Main.storyboard;
			sourceTree = "<group>";
		};
		4408396C28E0735C000DCFF3 /* LaunchScreen.storyboard */ = {
			isa = PBXVariantGroup;
			children = (
				4408396D28E0735C000DCFF3 /* Base */,
			);
			name = LaunchScreen.storyboard;
			sourceTree = "<group>";
		};
/* End PBXVariantGroup section */

/* Begin XCBuildConfiguration section */
		4408397028E0735C000DCFF3 /* Debug */ = {
			isa = XCBuildConfiguration;
			buildSettings = {
				ALWAYS_SEARCH_USER_PATHS = NO;
				CLANG_ANALYZER_NONNULL = YES;
				CLANG_ANALYZER_NUMBER_OBJECT_CONVERSION = YES_AGGRESSIVE;
				CLANG_CXX_LANGUAGE_STANDARD = "gnu++20";
				CLANG_ENABLE_MODULES = YES;
				CLANG_ENABLE_OBJC_ARC = YES;
				CLANG_ENABLE_OBJC_WEAK = YES;
				CLANG_WARN_BLOCK_CAPTURE_AUTORELEASING = YES;
				CLANG_WARN_BOOL_CONVERSION = YES;
				CLANG_WARN_COMMA = YES;
				CLANG_WARN_CONSTANT_CONVERSION = YES;
				CLANG_WARN_DEPRECATED_OBJC_IMPLEMENTATIONS = YES;
				CLANG_WARN_DIRECT_OBJC_ISA_USAGE = YES_ERROR;
				CLANG_WARN_DOCUMENTATION_COMMENTS = YES;
				CLANG_WARN_EMPTY_BODY = YES;
				CLANG_WARN_ENUM_CONVERSION = YES;
				CLANG_WARN_INFINITE_RECURSION = YES;
				CLANG_WARN_INT_CONVERSION = YES;
				CLANG_WARN_NON_LITERAL_NULL_CONVERSION = YES;
				CLANG_WARN_OBJC_IMPLICIT_RETAIN_SELF = YES;
				CLANG_WARN_OBJC_LITERAL_CONVERSION = YES;
				CLANG_WARN_OBJC_ROOT_CLASS = YES_ERROR;
				CLANG_WARN_QUOTED_INCLUDE_IN_FRAMEWORK_HEADER = YES;
				CLANG_WARN_RANGE_LOOP_ANALYSIS = YES;
				CLANG_WARN_STRICT_PROTOTYPES = YES;
				CLANG_WARN_SUSPICIOUS_MOVE = YES;
				CLANG_WARN_UNGUARDED_AVAILABILITY = YES_AGGRESSIVE;
				CLANG_WARN_UNREACHABLE_CODE = YES;
				CLANG_WARN__DUPLICATE_METHOD_MATCH = YES;
				COPY_PHASE_STRIP = NO;
				DEBUG_INFORMATION_FORMAT = dwarf;
				ENABLE_STRICT_OBJC_MSGSEND = YES;
				ENABLE_TESTABILITY = YES;
				GCC_C_LANGUAGE_STANDARD = gnu11;
				GCC_DYNAMIC_NO_PIC = NO;
				GCC_NO_COMMON_BLOCKS = YES;
				GCC_OPTIMIZATION_LEVEL = 0;
				GCC_PREPROCESSOR_DEFINITIONS = (
					"DEBUG=1",
					"$(inherited)",
				);
				GCC_WARN_64_TO_32_BIT_CONVERSION = YES;
				GCC_WARN_ABOUT_RETURN_TYPE = YES_ERROR;
				GCC_WARN_UNDECLARED_SELECTOR = YES;
				GCC_WARN_UNINITIALIZED_AUTOS = YES_AGGRESSIVE;
				GCC_WARN_UNUSED_FUNCTION = YES;
				GCC_WARN_UNUSED_VARIABLE = YES;
				IPHONEOS_DEPLOYMENT_TARGET = 16.0;
				MTL_ENABLE_DEBUG_INFO = INCLUDE_SOURCE;
				MTL_FAST_MATH = YES;
				ONLY_ACTIVE_ARCH = YES;
				SDKROOT = iphoneos;
				SWIFT_ACTIVE_COMPILATION_CONDITIONS = DEBUG;
				SWIFT_OPTIMIZATION_LEVEL = "-Onone";
			};
			name = Debug;
		};
		4408397128E0735C000DCFF3 /* Release */ = {
			isa = XCBuildConfiguration;
			buildSettings = {
				ALWAYS_SEARCH_USER_PATHS = NO;
				CLANG_ANALYZER_NONNULL = YES;
				CLANG_ANALYZER_NUMBER_OBJECT_CONVERSION = YES_AGGRESSIVE;
				CLANG_CXX_LANGUAGE_STANDARD = "gnu++20";
				CLANG_ENABLE_MODULES = YES;
				CLANG_ENABLE_OBJC_ARC = YES;
				CLANG_ENABLE_OBJC_WEAK = YES;
				CLANG_WARN_BLOCK_CAPTURE_AUTORELEASING = YES;
				CLANG_WARN_BOOL_CONVERSION = YES;
				CLANG_WARN_COMMA = YES;
				CLANG_WARN_CONSTANT_CONVERSION = YES;
				CLANG_WARN_DEPRECATED_OBJC_IMPLEMENTATIONS = YES;
				CLANG_WARN_DIRECT_OBJC_ISA_USAGE = YES_ERROR;
				CLANG_WARN_DOCUMENTATION_COMMENTS = YES;
				CLANG_WARN_EMPTY_BODY = YES;
				CLANG_WARN_ENUM_CONVERSION = YES;
				CLANG_WARN_INFINITE_RECURSION = YES;
				CLANG_WARN_INT_CONVERSION = YES;
				CLANG_WARN_NON_LITERAL_NULL_CONVERSION = YES;
				CLANG_WARN_OBJC_IMPLICIT_RETAIN_SELF = YES;
				CLANG_WARN_OBJC_LITERAL_CONVERSION = YES;
				CLANG_WARN_OBJC_ROOT_CLASS = YES_ERROR;
				CLANG_WARN_QUOTED_INCLUDE_IN_FRAMEWORK_HEADER = YES;
				CLANG_WARN_RANGE_LOOP_ANALYSIS = YES;
				CLANG_WARN_STRICT_PROTOTYPES = YES;
				CLANG_WARN_SUSPICIOUS_MOVE = YES;
				CLANG_WARN_UNGUARDED_AVAILABILITY = YES_AGGRESSIVE;
				CLANG_WARN_UNREACHABLE_CODE = YES;
				CLANG_WARN__DUPLICATE_METHOD_MATCH = YES;
				COPY_PHASE_STRIP = NO;
				DEBUG_INFORMATION_FORMAT = "dwarf-with-dsym";
				ENABLE_NS_ASSERTIONS = NO;
				ENABLE_STRICT_OBJC_MSGSEND = YES;
				GCC_C_LANGUAGE_STANDARD = gnu11;
				GCC_NO_COMMON_BLOCKS = YES;
				GCC_WARN_64_TO_32_BIT_CONVERSION = YES;
				GCC_WARN_ABOUT_RETURN_TYPE = YES_ERROR;
				GCC_WARN_UNDECLARED_SELECTOR = YES;
				GCC_WARN_UNINITIALIZED_AUTOS = YES_AGGRESSIVE;
				GCC_WARN_UNUSED_FUNCTION = YES;
				GCC_WARN_UNUSED_VARIABLE = YES;
				IPHONEOS_DEPLOYMENT_TARGET = 16.0;
				MTL_ENABLE_DEBUG_INFO = NO;
				MTL_FAST_MATH = YES;
				SDKROOT = iphoneos;
				SWIFT_COMPILATION_MODE = wholemodule;
				SWIFT_OPTIMIZATION_LEVEL = "-O";
				VALIDATE_PRODUCT = YES;
			};
			name = Release;
		};
		4408397328E0735C000DCFF3 /* Debug */ = {
			isa = XCBuildConfiguration;
			buildSettings = {
				ASSETCATALOG_COMPILER_APPICON_NAME = AppIcon;
				ASSETCATALOG_COMPILER_GLOBAL_ACCENT_COLOR_NAME = AccentColor;
				CODE_SIGN_STYLE = Automatic;
				CURRENT_PROJECT_VERSION = 1;
				DEVELOPMENT_TEAM = 3PN53MQP93;
				GENERATE_INFOPLIST_FILE = YES;
				INFOPLIST_FILE = "iPhone Calculator/Info.plist";
				INFOPLIST_KEY_CFBundleDisplayName = Calculator;
				INFOPLIST_KEY_UIApplicationSupportsIndirectInputEvents = YES;
				INFOPLIST_KEY_UILaunchStoryboardName = LaunchScreen;
				INFOPLIST_KEY_UIMainStoryboardFile = Main;
				INFOPLIST_KEY_UISupportedInterfaceOrientations = UIInterfaceOrientationPortrait;
				INFOPLIST_KEY_UISupportedInterfaceOrientations_iPad = "UIInterfaceOrientationLandscapeLeft UIInterfaceOrientationLandscapeRight UIInterfaceOrientationPortrait UIInterfaceOrientationPortraitUpsideDown";
				LD_RUNPATH_SEARCH_PATHS = (
					"$(inherited)",
					"@executable_path/Frameworks",
				);
				MARKETING_VERSION = 1.0;
				PRODUCT_BUNDLE_IDENTIFIER = "com.smakhtin.icalculator.iPhone-Calculator";
				PRODUCT_NAME = "$(TARGET_NAME)";
				SUPPORTED_PLATFORMS = "iphoneos iphonesimulator";
				SUPPORTS_MACCATALYST = NO;
				SUPPORTS_MAC_DESIGNED_FOR_IPHONE_IPAD = NO;
				SWIFT_EMIT_LOC_STRINGS = YES;
				SWIFT_VERSION = 5.0;
				TARGETED_DEVICE_FAMILY = "1,2";
			};
			name = Debug;
		};
		4408397428E0735C000DCFF3 /* Release */ = {
			isa = XCBuildConfiguration;
			buildSettings = {
				ASSETCATALOG_COMPILER_APPICON_NAME = AppIcon;
				ASSETCATALOG_COMPILER_GLOBAL_ACCENT_COLOR_NAME = AccentColor;
				CODE_SIGN_STYLE = Automatic;
				CURRENT_PROJECT_VERSION = 1;
				DEVELOPMENT_TEAM = 3PN53MQP93;
				GENERATE_INFOPLIST_FILE = YES;
				INFOPLIST_FILE = "iPhone Calculator/Info.plist";
				INFOPLIST_KEY_CFBundleDisplayName = Calculator;
				INFOPLIST_KEY_UIApplicationSupportsIndirectInputEvents = YES;
				INFOPLIST_KEY_UILaunchStoryboardName = LaunchScreen;
				INFOPLIST_KEY_UIMainStoryboardFile = Main;
				INFOPLIST_KEY_UISupportedInterfaceOrientations = UIInterfaceOrientationPortrait;
				INFOPLIST_KEY_UISupportedInterfaceOrientations_iPad = "UIInterfaceOrientationLandscapeLeft UIInterfaceOrientationLandscapeRight UIInterfaceOrientationPortrait UIInterfaceOrientationPortraitUpsideDown";
				LD_RUNPATH_SEARCH_PATHS = (
					"$(inherited)",
					"@executable_path/Frameworks",
				);
				MARKETING_VERSION = 1.0;
				PRODUCT_BUNDLE_IDENTIFIER = "com.smakhtin.icalculator.iPhone-Calculator";
				PRODUCT_NAME = "$(TARGET_NAME)";
				SUPPORTED_PLATFORMS = "iphoneos iphonesimulator";
				SUPPORTS_MACCATALYST = NO;
				SUPPORTS_MAC_DESIGNED_FOR_IPHONE_IPAD = NO;
				SWIFT_EMIT_LOC_STRINGS = YES;
				SWIFT_VERSION = 5.0;
				TARGETED_DEVICE_FAMILY = "1,2";
			};
			name = Release;
		};
/* End XCBuildConfiguration section */

/* Begin XCConfigurationList section */
		4408395928E0735B000DCFF3 /* Build configuration list for PBXProject "iPhone Calculator" */ = {
			isa = XCConfigurationList;
			buildConfigurations = (
				4408397028E0735C000DCFF3 /* Debug */,
				4408397128E0735C000DCFF3 /* Release */,
			);
			defaultConfigurationIsVisible = 0;
			defaultConfigurationName = Release;
		};
		4408397228E0735C000DCFF3 /* Build configuration list for PBXNativeTarget "iPhone Calculator" */ = {
			isa = XCConfigurationList;
			buildConfigurations = (
				4408397328E0735C000DCFF3 /* Debug */,
				4408397428E0735C000DCFF3 /* Release */,
			);
			defaultConfigurationIsVisible = 0;
			defaultConfigurationName = Release;
		};
/* End XCConfigurationList section */
	};
	rootObject = 4408395628E0735B000DCFF3 /* Project object */;
}
